
Microsoft Visual Studio Solution File, Format Version 12.00
# Visual Studio Version 17
VisualStudioVersion = 17.14.36811.4 d17.14
MinimumVisualStudioVersion = 10.0.40219.1
Project("{FAE04EC0-301F-11D3-BF4B-00C04F79EFBC}") = "project105", "project105\project105.csproj", "{5DBF85FC-D6D4-4C66-BCA6-866E6F45A440}"
EndProject
Global
	GlobalSection(SolutionConfigurationPlatforms) = preSolution
		Debug|Any CPU = Debug|Any CPU
		Release|Any CPU = Release|Any CPU
	EndGlobalSection
	GlobalSection(ProjectConfigurationPlatforms) = postSolution
		{5DBF85FC-D6D4-4C66-BCA6-866E6F45A440}.Debug|Any CPU.ActiveCfg = Debug|Any CPU
		{5DBF85FC-D6D4-4C66-BCA6-866E6F45A440}.Debug|Any CPU.Build.0 = Debug|Any CPU
		{5DBF85FC-D6D4-4C66-BCA6-866E6F45A440}.Release|Any CPU.ActiveCfg = Release|Any CPU
		{5DBF85FC-D6D4-4C66-BCA6-866E6F45A440}.Release|Any CPU.Build.0 = Release|Any CPU
	EndGlobalSection
	GlobalSection(SolutionProperties) = preSolution
		HideSolutionNode = FALSE
	EndGlobalSection
	GlobalSection(ExtensibilityGlobals) = postSolution
		SolutionGuid = {0126F6F3-BC9C-46D8-813B-8D892581E031}
	EndGlobalSection
EndGlobal
