
Microsoft Visual Studio Solution File, Format Version 12.00
# Visual Studio Version 17
VisualStudioVersion = 17.14.36811.4 d17.14
MinimumVisualStudioVersion = 10.0.40219.1
Project("{FAE04EC0-301F-11D3-BF4B-00C04F79EFBC}") = "0109-3", "0109-3\0109-3.csproj", "{D29D6B52-4A6B-4713-9323-0E24E6DD1582}"
EndProject
Global
	GlobalSection(SolutionConfigurationPlatforms) = preSolution
		Debug|Any CPU = Debug|Any CPU
		Release|Any CPU = Release|Any CPU
	EndGlobalSection
	GlobalSection(ProjectConfigurationPlatforms) = postSolution
		{D29D6B52-4A6B-4713-9323-0E24E6DD1582}.Debug|Any CPU.ActiveCfg = Debug|Any CPU
		{D29D6B52-4A6B-4713-9323-0E24E6DD1582}.Debug|Any CPU.Build.0 = Debug|Any CPU
		{D29D6B52-4A6B-4713-9323-0E24E6DD1582}.Release|Any CPU.ActiveCfg = Release|Any CPU
		{D29D6B52-4A6B-4713-9323-0E24E6DD1582}.Release|Any CPU.Build.0 = Release|Any CPU
	EndGlobalSection
	GlobalSection(SolutionProperties) = preSolution
		HideSolutionNode = FALSE
	EndGlobalSection
	GlobalSection(ExtensibilityGlobals) = postSolution
		SolutionGuid = {126D2577-8EB0-42E8-A7B7-73CE16EAAC18}
	EndGlobalSection
EndGlobal
